
Microsoft Visual Studio Solution File, Format Version 12.00
# Visual Studio Version 16
VisualStudioVersion = 16.0.28809.33
MinimumVisualStudioVersion = 10.0.40219.1
Project("{FAE04EC0-301F-11D3-BF4B-00C04F79EFBC}") = "AsyncStream", "AsyncStream\AsyncStream.csproj", "{A250B7A6-7CD2-423F-8446-EC1035CA5012}"
EndProject
Global
	GlobalSection(SolutionConfigurationPlatforms) = preSolution
		Debug|Any CPU = Debug|Any CPU
		Release|Any CPU = Release|Any CPU
	EndGlobalSection
	GlobalSection(ProjectConfigurationPlatforms) = postSolution
		{A250B7A6-7CD2-423F-8446-EC1035CA5012}.Debug|Any CPU.ActiveCfg = Debug|Any CPU
		{A250B7A6-7CD2-423F-8446-EC1035CA5012}.Debug|Any CPU.Build.0 = Debug|Any CPU
		{A250B7A6-7CD2-423F-8446-EC1035CA5012}.Release|Any CPU.ActiveCfg = Release|Any CPU
		{A250B7A6-7CD2-423F-8446-EC1035CA5012}.Release|Any CPU.Build.0 = Release|Any CPU
	EndGlobalSection
	GlobalSection(SolutionProperties) = preSolution
		HideSolutionNode = FALSE
	EndGlobalSection
	GlobalSection(ExtensibilityGlobals) = postSolution
		SolutionGuid = {09355543-6DCD-4B5E-A684-16A07235C0C1}
	EndGlobalSection
EndGlobal
