
Microsoft Visual Studio Solution File, Format Version 12.00
# Visual Studio Version 16
VisualStudioVersion = 16.0.28809.33
MinimumVisualStudioVersion = 10.0.40219.1
Project("{FAE04EC0-301F-11D3-BF4B-00C04F79EFBC}") = "Linq", "Linq\Linq.csproj", "{B444EC78-E685-487A-B652-41975D88C642}"
EndProject
Global
	GlobalSection(SolutionConfigurationPlatforms) = preSolution
		Debug|Any CPU = Debug|Any CPU
		Release|Any CPU = Release|Any CPU
	EndGlobalSection
	GlobalSection(ProjectConfigurationPlatforms) = postSolution
		{B444EC78-E685-487A-B652-41975D88C642}.Debug|Any CPU.ActiveCfg = Debug|Any CPU
		{B444EC78-E685-487A-B652-41975D88C642}.Debug|Any CPU.Build.0 = Debug|Any CPU
		{B444EC78-E685-487A-B652-41975D88C642}.Release|Any CPU.ActiveCfg = Release|Any CPU
		{B444EC78-E685-487A-B652-41975D88C642}.Release|Any CPU.Build.0 = Release|Any CPU
	EndGlobalSection
	GlobalSection(SolutionProperties) = preSolution
		HideSolutionNode = FALSE
	EndGlobalSection
	GlobalSection(ExtensibilityGlobals) = postSolution
		SolutionGuid = {D650AC28-3A31-43A1-8055-FBC1855941A1}
	EndGlobalSection
EndGlobal
